// !$*UTF8*$!
{
	archiveVersion = 1;
	classes = {
	};
	objectVersion = 56;
	objects = {

/* Begin PBXBuildFile section */
		A931AFD629565FD600713504 /* AppDelegate.swift in Sources */ = {isa = PBXBuildFile; fileRef = A931AFD529565FD600713504 /* AppDelegate.swift */; };
		A931AFD829565FD600713504 /* SceneDelegate.swift in Sources */ = {isa = PBXBuildFile; fileRef = A931AFD729565FD600713504 /* SceneDelegate.swift */; };
		A931AFDA29565FD600713504 /* RMTabViewController.swift in Sources */ = {isa = PBXBuildFile; fileRef = A931AFD929565FD600713504 /* RMTabViewController.swift */; };
		A931AFDF29565FD700713504 /* Assets.xcassets in Resources */ = {isa = PBXBuildFile; fileRef = A931AFDE29565FD700713504 /* Assets.xcassets */; };
		A931AFE229565FD700713504 /* LaunchScreen.storyboard in Resources */ = {isa = PBXBuildFile; fileRef = A931AFE029565FD700713504 /* LaunchScreen.storyboard */; };
		A931AFF12956631400713504 /* RMLocation.swift in Sources */ = {isa = PBXBuildFile; fileRef = A931AFF02956631400713504 /* RMLocation.swift */; };
		A931AFF32956632000713504 /* RMCaracter.swift in Sources */ = {isa = PBXBuildFile; fileRef = A931AFF22956632000713504 /* RMCaracter.swift */; };
		A931AFF52956632F00713504 /* RMEpisode.swift in Sources */ = {isa = PBXBuildFile; fileRef = A931AFF42956632F00713504 /* RMEpisode.swift */; };
		A97D4A792966289E0000A255 /* RMCaracterViewController.swift in Sources */ = {isa = PBXBuildFile; fileRef = A97D4A782966289E0000A255 /* RMCaracterViewController.swift */; };
		A97D4A7B296628C10000A255 /* RMEpisodeViewController.swift in Sources */ = {isa = PBXBuildFile; fileRef = A97D4A7A296628C10000A255 /* RMEpisodeViewController.swift */; };
		A97D4A7D296628D60000A255 /* RMLocationViewController.swift in Sources */ = {isa = PBXBuildFile; fileRef = A97D4A7C296628D60000A255 /* RMLocationViewController.swift */; };
		A97D4A7F296628E80000A255 /* RMSettingsViewController.swift in Sources */ = {isa = PBXBuildFile; fileRef = A97D4A7E296628E80000A255 /* RMSettingsViewController.swift */; };
		A9B01320296FABC5000E7A8C /* RMServices.swift in Sources */ = {isa = PBXBuildFile; fileRef = A9B0131F296FABC5000E7A8C /* RMServices.swift */; };
		A9B01322296FABE4000E7A8C /* RMRequest.swift in Sources */ = {isa = PBXBuildFile; fileRef = A9B01321296FABE4000E7A8C /* RMRequest.swift */; };
		A9B01324296FACC9000E7A8C /* RMEndPoint.swift in Sources */ = {isa = PBXBuildFile; fileRef = A9B01323296FACC9000E7A8C /* RMEndPoint.swift */; };
/* End PBXBuildFile section */

/* Begin PBXFileReference section */
		A931AFD229565FD600713504 /* RickAndMorty.app */ = {isa = PBXFileReference; explicitFileType = wrapper.application; includeInIndex = 0; path = RickAndMorty.app; sourceTree = BUILT_PRODUCTS_DIR; };
		A931AFD529565FD600713504 /* AppDelegate.swift */ = {isa = PBXFileReference; lastKnownFileType = sourcecode.swift; path = AppDelegate.swift; sourceTree = "<group>"; };
		A931AFD729565FD600713504 /* SceneDelegate.swift */ = {isa = PBXFileReference; lastKnownFileType = sourcecode.swift; path = SceneDelegate.swift; sourceTree = "<group>"; };
		A931AFD929565FD600713504 /* RMTabViewController.swift */ = {isa = PBXFileReference; lastKnownFileType = sourcecode.swift; path = RMTabViewController.swift; sourceTree = "<group>"; };
		A931AFDE29565FD700713504 /* Assets.xcassets */ = {isa = PBXFileReference; lastKnownFileType = folder.assetcatalog; path = Assets.xcassets; sourceTree = "<group>"; };
		A931AFE129565FD700713504 /* Base */ = {isa = PBXFileReference; lastKnownFileType = file.storyboard; name = Base; path = Base.lproj/LaunchScreen.storyboard; sourceTree = "<group>"; };
		A931AFE329565FD700713504 /* Info.plist */ = {isa = PBXFileReference; lastKnownFileType = text.plist.xml; path = Info.plist; sourceTree = "<group>"; };
		A931AFF02956631400713504 /* RMLocation.swift */ = {isa = PBXFileReference; lastKnownFileType = sourcecode.swift; path = RMLocation.swift; sourceTree = "<group>"; };
		A931AFF22956632000713504 /* RMCaracter.swift */ = {isa = PBXFileReference; lastKnownFileType = sourcecode.swift; path = RMCaracter.swift; sourceTree = "<group>"; };
		A931AFF42956632F00713504 /* RMEpisode.swift */ = {isa = PBXFileReference; lastKnownFileType = sourcecode.swift; path = RMEpisode.swift; sourceTree = "<group>"; };
		A97D4A782966289E0000A255 /* RMCaracterViewController.swift */ = {isa = PBXFileReference; lastKnownFileType = sourcecode.swift; path = RMCaracterViewController.swift; sourceTree = "<group>"; };
		A97D4A7A296628C10000A255 /* RMEpisodeViewController.swift */ = {isa = PBXFileReference; lastKnownFileType = sourcecode.swift; path = RMEpisodeViewController.swift; sourceTree = "<group>"; };
		A97D4A7C296628D60000A255 /* RMLocationViewController.swift */ = {isa = PBXFileReference; lastKnownFileType = sourcecode.swift; path = RMLocationViewController.swift; sourceTree = "<group>"; };
		A97D4A7E296628E80000A255 /* RMSettingsViewController.swift */ = {isa = PBXFileReference; lastKnownFileType = sourcecode.swift; path = RMSettingsViewController.swift; sourceTree = "<group>"; };
		A9B0131F296FABC5000E7A8C /* RMServices.swift */ = {isa = PBXFileReference; lastKnownFileType = sourcecode.swift; path = RMServices.swift; sourceTree = "<group>"; };
		A9B01321296FABE4000E7A8C /* RMRequest.swift */ = {isa = PBXFileReference; lastKnownFileType = sourcecode.swift; path = RMRequest.swift; sourceTree = "<group>"; };
		A9B01323296FACC9000E7A8C /* RMEndPoint.swift */ = {isa = PBXFileReference; lastKnownFileType = sourcecode.swift; path = RMEndPoint.swift; sourceTree = "<group>"; };
/* End PBXFileReference section */

/* Begin PBXFrameworksBuildPhase section */
		A931AFCF29565FD600713504 /* Frameworks */ = {
			isa = PBXFrameworksBuildPhase;
			buildActionMask = 2147483647;
			files = (
			);
			runOnlyForDeploymentPostprocessing = 0;
		};
/* End PBXFrameworksBuildPhase section */

/* Begin PBXGroup section */
		A931AFC929565FD600713504 = {
			isa = PBXGroup;
			children = (
				A931AFD429565FD600713504 /* RickAndMorty */,
				A931AFD329565FD600713504 /* Products */,
			);
			sourceTree = "<group>";
		};
		A931AFD329565FD600713504 /* Products */ = {
			isa = PBXGroup;
			children = (
				A931AFD229565FD600713504 /* RickAndMorty.app */,
			);
			name = Products;
			sourceTree = "<group>";
		};
		A931AFD429565FD600713504 /* RickAndMorty */ = {
			isa = PBXGroup;
			children = (
				A931AFEF2956628B00713504 /* Ressources */,
				A931AFEE2956628200713504 /* Managers */,
				A931AFED2956627400713504 /* APiClient */,
				A931AFE92956620F00713504 /* Models */,
				A931AFEC2956625300713504 /* ViewModels */,
				A931AFEB2956624200713504 /* Views */,
				A931AFEA2956622900713504 /* Controllers */,
				A931AFE329565FD700713504 /* Info.plist */,
			);
			path = RickAndMorty;
			sourceTree = "<group>";
		};
		A931AFE92956620F00713504 /* Models */ = {
			isa = PBXGroup;
			children = (
				A931AFF02956631400713504 /* RMLocation.swift */,
				A931AFF22956632000713504 /* RMCaracter.swift */,
				A931AFF42956632F00713504 /* RMEpisode.swift */,
			);
			path = Models;
			sourceTree = "<group>";
		};
		A931AFEA2956622900713504 /* Controllers */ = {
			isa = PBXGroup;
			children = (
				A931AFF6295663DA00713504 /* Core */,
			);
			path = Controllers;
			sourceTree = "<group>";
		};
		A931AFEB2956624200713504 /* Views */ = {
			isa = PBXGroup;
			children = (
			);
			path = Views;
			sourceTree = "<group>";
		};
		A931AFEC2956625300713504 /* ViewModels */ = {
			isa = PBXGroup;
			children = (
			);
			path = ViewModels;
			sourceTree = "<group>";
		};
		A931AFED2956627400713504 /* APiClient */ = {
			isa = PBXGroup;
			children = (
				A9B0131F296FABC5000E7A8C /* RMServices.swift */,
				A9B01321296FABE4000E7A8C /* RMRequest.swift */,
				A9B01323296FACC9000E7A8C /* RMEndPoint.swift */,
			);
			path = APiClient;
			sourceTree = "<group>";
		};
		A931AFEE2956628200713504 /* Managers */ = {
			isa = PBXGroup;
			children = (
			);
			path = Managers;
			sourceTree = "<group>";
		};
		A931AFEF2956628B00713504 /* Ressources */ = {
			isa = PBXGroup;
			children = (
				A931AFD529565FD600713504 /* AppDelegate.swift */,
				A931AFD729565FD600713504 /* SceneDelegate.swift */,
				A931AFDE29565FD700713504 /* Assets.xcassets */,
				A931AFE029565FD700713504 /* LaunchScreen.storyboard */,
			);
			path = Ressources;
			sourceTree = "<group>";
		};
		A931AFF6295663DA00713504 /* Core */ = {
			isa = PBXGroup;
			children = (
				A931AFD929565FD600713504 /* RMTabViewController.swift */,
				A97D4A782966289E0000A255 /* RMCaracterViewController.swift */,
				A97D4A7A296628C10000A255 /* RMEpisodeViewController.swift */,
				A97D4A7C296628D60000A255 /* RMLocationViewController.swift */,
				A97D4A7E296628E80000A255 /* RMSettingsViewController.swift */,
			);
			path = Core;
			sourceTree = "<group>";
		};
/* End PBXGroup section */

/* Begin PBXNativeTarget section */
		A931AFD129565FD600713504 /* RickAndMorty */ = {
			isa = PBXNativeTarget;
			buildConfigurationList = A931AFE629565FD700713504 /* Build configuration list for PBXNativeTarget "RickAndMorty" */;
			buildPhases = (
				A931AFCE29565FD600713504 /* Sources */,
				A931AFCF29565FD600713504 /* Frameworks */,
				A931AFD029565FD600713504 /* Resources */,
			);
			buildRules = (
			);
			dependencies = (
			);
			name = RickAndMorty;
			productName = RickAndMorty;
			productReference = A931AFD229565FD600713504 /* RickAndMorty.app */;
			productType = "com.apple.product-type.application";
		};
/* End PBXNativeTarget section */

/* Begin PBXProject section */
		A931AFCA29565FD600713504 /* Project object */ = {
			isa = PBXProject;
			attributes = {
				BuildIndependentTargetsInParallel = 1;
				LastSwiftUpdateCheck = 1420;
				LastUpgradeCheck = 1420;
				TargetAttributes = {
					A931AFD129565FD600713504 = {
						CreatedOnToolsVersion = 14.2;
					};
				};
			};
			buildConfigurationList = A931AFCD29565FD600713504 /* Build configuration list for PBXProject "RickAndMorty" */;
			compatibilityVersion = "Xcode 14.0";
			developmentRegion = en;
			hasScannedForEncodings = 0;
			knownRegions = (
				en,
				Base,
			);
			mainGroup = A931AFC929565FD600713504;
			productRefGroup = A931AFD329565FD600713504 /* Products */;
			projectDirPath = "";
			projectRoot = "";
			targets = (
				A931AFD129565FD600713504 /* RickAndMorty */,
			);
		};
/* End PBXProject section */

/* Begin PBXResourcesBuildPhase section */
		A931AFD029565FD600713504 /* Resources */ = {
			isa = PBXResourcesBuildPhase;
			buildActionMask = 2147483647;
			files = (
				A931AFE229565FD700713504 /* LaunchScreen.storyboard in Resources */,
				A931AFDF29565FD700713504 /* Assets.xcassets in Resources */,
			);
			runOnlyForDeploymentPostprocessing = 0;
		};
/* End PBXResourcesBuildPhase section */

/* Begin PBXSourcesBuildPhase section */
		A931AFCE29565FD600713504 /* Sources */ = {
			isa = PBXSourcesBuildPhase;
			buildActionMask = 2147483647;
			files = (
				A97D4A7D296628D60000A255 /* RMLocationViewController.swift in Sources */,
				A97D4A792966289E0000A255 /* RMCaracterViewController.swift in Sources */,
				A931AFF52956632F00713504 /* RMEpisode.swift in Sources */,
				A931AFDA29565FD600713504 /* RMTabViewController.swift in Sources */,
				A931AFD629565FD600713504 /* AppDelegate.swift in Sources */,
				A9B01320296FABC5000E7A8C /* RMServices.swift in Sources */,
				A931AFD829565FD600713504 /* SceneDelegate.swift in Sources */,
				A9B01324296FACC9000E7A8C /* RMEndPoint.swift in Sources */,
				A97D4A7F296628E80000A255 /* RMSettingsViewController.swift in Sources */,
				A931AFF32956632000713504 /* RMCaracter.swift in Sources */,
				A931AFF12956631400713504 /* RMLocation.swift in Sources */,
				A9B01322296FABE4000E7A8C /* RMRequest.swift in Sources */,
				A97D4A7B296628C10000A255 /* RMEpisodeViewController.swift in Sources */,
			);
			runOnlyForDeploymentPostprocessing = 0;
		};
/* End PBXSourcesBuildPhase section */

/* Begin PBXVariantGroup section */
		A931AFE029565FD700713504 /* LaunchScreen.storyboard */ = {
			isa = PBXVariantGroup;
			children = (
				A931AFE129565FD700713504 /* Base */,
			);
			name = LaunchScreen.storyboard;
			sourceTree = "<group>";
		};
/* End PBXVariantGroup section */

/* Begin XCBuildConfiguration section */
		A931AFE429565FD700713504 /* Debug */ = {
			isa = XCBuildConfiguration;
			buildSettings = {
				ALWAYS_SEARCH_USER_PATHS = NO;
				CLANG_ANALYZER_NONNULL = YES;
				CLANG_ANALYZER_NUMBER_OBJECT_CONVERSION = YES_AGGRESSIVE;
				CLANG_CXX_LANGUAGE_STANDARD = "gnu++20";
				CLANG_ENABLE_MODULES = YES;
				CLANG_ENABLE_OBJC_ARC = YES;
				CLANG_ENABLE_OBJC_WEAK = YES;
				CLANG_WARN_BLOCK_CAPTURE_AUTORELEASING = YES;
				CLANG_WARN_BOOL_CONVERSION = YES;
				CLANG_WARN_COMMA = YES;
				CLANG_WARN_CONSTANT_CONVERSION = YES;
				CLANG_WARN_DEPRECATED_OBJC_IMPLEMENTATIONS = YES;
				CLANG_WARN_DIRECT_OBJC_ISA_USAGE = YES_ERROR;
				CLANG_WARN_DOCUMENTATION_COMMENTS = YES;
				CLANG_WARN_EMPTY_BODY = YES;
				CLANG_WARN_ENUM_CONVERSION = YES;
				CLANG_WARN_INFINITE_RECURSION = YES;
				CLANG_WARN_INT_CONVERSION = YES;
				CLANG_WARN_NON_LITERAL_NULL_CONVERSION = YES;
				CLANG_WARN_OBJC_IMPLICIT_RETAIN_SELF = YES;
				CLANG_WARN_OBJC_LITERAL_CONVERSION = YES;
				CLANG_WARN_OBJC_ROOT_CLASS = YES_ERROR;
				CLANG_WARN_QUOTED_INCLUDE_IN_FRAMEWORK_HEADER = YES;
				CLANG_WARN_RANGE_LOOP_ANALYSIS = YES;
				CLANG_WARN_STRICT_PROTOTYPES = YES;
				CLANG_WARN_SUSPICIOUS_MOVE = YES;
				CLANG_WARN_UNGUARDED_AVAILABILITY = YES_AGGRESSIVE;
				CLANG_WARN_UNREACHABLE_CODE = YES;
				CLANG_WARN__DUPLICATE_METHOD_MATCH = YES;
				COPY_PHASE_STRIP = NO;
				DEBUG_INFORMATION_FORMAT = dwarf;
				ENABLE_STRICT_OBJC_MSGSEND = YES;
				ENABLE_TESTABILITY = YES;
				GCC_C_LANGUAGE_STANDARD = gnu11;
				GCC_DYNAMIC_NO_PIC = NO;
				GCC_NO_COMMON_BLOCKS = YES;
				GCC_OPTIMIZATION_LEVEL = 0;
				GCC_PREPROCESSOR_DEFINITIONS = (
					"DEBUG=1",
					"$(inherited)",
				);
				GCC_WARN_64_TO_32_BIT_CONVERSION = YES;
				GCC_WARN_ABOUT_RETURN_TYPE = YES_ERROR;
				GCC_WARN_UNDECLARED_SELECTOR = YES;
				GCC_WARN_UNINITIALIZED_AUTOS = YES_AGGRESSIVE;
				GCC_WARN_UNUSED_FUNCTION = YES;
				GCC_WARN_UNUSED_VARIABLE = YES;
				IPHONEOS_DEPLOYMENT_TARGET = 16.2;
				MTL_ENABLE_DEBUG_INFO = INCLUDE_SOURCE;
				MTL_FAST_MATH = YES;
				ONLY_ACTIVE_ARCH = YES;
				SDKROOT = iphoneos;
				SWIFT_ACTIVE_COMPILATION_CONDITIONS = DEBUG;
				SWIFT_OPTIMIZATION_LEVEL = "-Onone";
			};
			name = Debug;
		};
		A931AFE529565FD700713504 /* Release */ = {
			isa = XCBuildConfiguration;
			buildSettings = {
				ALWAYS_SEARCH_USER_PATHS = NO;
				CLANG_ANALYZER_NONNULL = YES;
				CLANG_ANALYZER_NUMBER_OBJECT_CONVERSION = YES_AGGRESSIVE;
				CLANG_CXX_LANGUAGE_STANDARD = "gnu++20";
				CLANG_ENABLE_MODULES = YES;
				CLANG_ENABLE_OBJC_ARC = YES;
				CLANG_ENABLE_OBJC_WEAK = YES;
				CLANG_WARN_BLOCK_CAPTURE_AUTORELEASING = YES;
				CLANG_WARN_BOOL_CONVERSION = YES;
				CLANG_WARN_COMMA = YES;
				CLANG_WARN_CONSTANT_CONVERSION = YES;
				CLANG_WARN_DEPRECATED_OBJC_IMPLEMENTATIONS = YES;
				CLANG_WARN_DIRECT_OBJC_ISA_USAGE = YES_ERROR;
				CLANG_WARN_DOCUMENTATION_COMMENTS = YES;
				CLANG_WARN_EMPTY_BODY = YES;
				CLANG_WARN_ENUM_CONVERSION = YES;
				CLANG_WARN_INFINITE_RECURSION = YES;
				CLANG_WARN_INT_CONVERSION = YES;
				CLANG_WARN_NON_LITERAL_NULL_CONVERSION = YES;
				CLANG_WARN_OBJC_IMPLICIT_RETAIN_SELF = YES;
				CLANG_WARN_OBJC_LITERAL_CONVERSION = YES;
				CLANG_WARN_OBJC_ROOT_CLASS = YES_ERROR;
				CLANG_WARN_QUOTED_INCLUDE_IN_FRAMEWORK_HEADER = YES;
				CLANG_WARN_RANGE_LOOP_ANALYSIS = YES;
				CLANG_WARN_STRICT_PROTOTYPES = YES;
				CLANG_WARN_SUSPICIOUS_MOVE = YES;
				CLANG_WARN_UNGUARDED_AVAILABILITY = YES_AGGRESSIVE;
				CLANG_WARN_UNREACHABLE_CODE = YES;
				CLANG_WARN__DUPLICATE_METHOD_MATCH = YES;
				COPY_PHASE_STRIP = NO;
				DEBUG_INFORMATION_FORMAT = "dwarf-with-dsym";
				ENABLE_NS_ASSERTIONS = NO;
				ENABLE_STRICT_OBJC_MSGSEND = YES;
				GCC_C_LANGUAGE_STANDARD = gnu11;
				GCC_NO_COMMON_BLOCKS = YES;
				GCC_WARN_64_TO_32_BIT_CONVERSION = YES;
				GCC_WARN_ABOUT_RETURN_TYPE = YES_ERROR;
				GCC_WARN_UNDECLARED_SELECTOR = YES;
				GCC_WARN_UNINITIALIZED_AUTOS = YES_AGGRESSIVE;
				GCC_WARN_UNUSED_FUNCTION = YES;
				GCC_WARN_UNUSED_VARIABLE = YES;
				IPHONEOS_DEPLOYMENT_TARGET = 16.2;
				MTL_ENABLE_DEBUG_INFO = NO;
				MTL_FAST_MATH = YES;
				SDKROOT = iphoneos;
				SWIFT_COMPILATION_MODE = wholemodule;
				SWIFT_OPTIMIZATION_LEVEL = "-O";
				VALIDATE_PRODUCT = YES;
			};
			name = Release;
		};
		A931AFE729565FD700713504 /* Debug */ = {
			isa = XCBuildConfiguration;
			buildSettings = {
				ASSETCATALOG_COMPILER_APPICON_NAME = AppIcon;
				ASSETCATALOG_COMPILER_GLOBAL_ACCENT_COLOR_NAME = AccentColor;
				CODE_SIGN_STYLE = Automatic;
				CURRENT_PROJECT_VERSION = 1;
				DEVELOPMENT_TEAM = DWNX563SG6;
				GENERATE_INFOPLIST_FILE = YES;
				INFOPLIST_FILE = RickAndMorty/Info.plist;
				INFOPLIST_KEY_UIApplicationSupportsIndirectInputEvents = YES;
				INFOPLIST_KEY_UILaunchStoryboardName = LaunchScreen;
				INFOPLIST_KEY_UISupportedInterfaceOrientations_iPad = "UIInterfaceOrientationPortrait UIInterfaceOrientationPortraitUpsideDown UIInterfaceOrientationLandscapeLeft UIInterfaceOrientationLandscapeRight";
				INFOPLIST_KEY_UISupportedInterfaceOrientations_iPhone = "UIInterfaceOrientationPortrait UIInterfaceOrientationLandscapeLeft UIInterfaceOrientationLandscapeRight";
				LD_RUNPATH_SEARCH_PATHS = (
					"$(inherited)",
					"@executable_path/Frameworks",
				);
				MARKETING_VERSION = 1.0;
				PRODUCT_BUNDLE_IDENTIFIER = com.yurastico.RickAndMorty;
				PRODUCT_NAME = "$(TARGET_NAME)";
				SWIFT_EMIT_LOC_STRINGS = YES;
				SWIFT_VERSION = 5.0;
				TARGETED_DEVICE_FAMILY = "1,2";
			};
			name = Debug;
		};
		A931AFE829565FD700713504 /* Release */ = {
			isa = XCBuildConfiguration;
			buildSettings = {
				ASSETCATALOG_COMPILER_APPICON_NAME = AppIcon;
				ASSETCATALOG_COMPILER_GLOBAL_ACCENT_COLOR_NAME = AccentColor;
				CODE_SIGN_STYLE = Automatic;
				CURRENT_PROJECT_VERSION = 1;
				DEVELOPMENT_TEAM = DWNX563SG6;
				GENERATE_INFOPLIST_FILE = YES;
				INFOPLIST_FILE = RickAndMorty/Info.plist;
				INFOPLIST_KEY_UIApplicationSupportsIndirectInputEvents = YES;
				INFOPLIST_KEY_UILaunchStoryboardName = LaunchScreen;
				INFOPLIST_KEY_UISupportedInterfaceOrientations_iPad = "UIInterfaceOrientationPortrait UIInterfaceOrientationPortraitUpsideDown UIInterfaceOrientationLandscapeLeft UIInterfaceOrientationLandscapeRight";
				INFOPLIST_KEY_UISupportedInterfaceOrientations_iPhone = "UIInterfaceOrientationPortrait UIInterfaceOrientationLandscapeLeft UIInterfaceOrientationLandscapeRight";
				LD_RUNPATH_SEARCH_PATHS = (
					"$(inherited)",
					"@executable_path/Frameworks",
				);
				MARKETING_VERSION = 1.0;
				PRODUCT_BUNDLE_IDENTIFIER = com.yurastico.RickAndMorty;
				PRODUCT_NAME = "$(TARGET_NAME)";
				SWIFT_EMIT_LOC_STRINGS = YES;
				SWIFT_VERSION = 5.0;
				TARGETED_DEVICE_FAMILY = "1,2";
			};
			name = Release;
		};
/* End XCBuildConfiguration section */

/* Begin XCConfigurationList section */
		A931AFCD29565FD600713504 /* Build configuration list for PBXProject "RickAndMorty" */ = {
			isa = XCConfigurationList;
			buildConfigurations = (
				A931AFE429565FD700713504 /* Debug */,
				A931AFE529565FD700713504 /* Release */,
			);
			defaultConfigurationIsVisible = 0;
			defaultConfigurationName = Release;
		};
		A931AFE629565FD700713504 /* Build configuration list for PBXNativeTarget "RickAndMorty" */ = {
			isa = XCConfigurationList;
			buildConfigurations = (
				A931AFE729565FD700713504 /* Debug */,
				A931AFE829565FD700713504 /* Release */,
			);
			defaultConfigurationIsVisible = 0;
			defaultConfigurationName = Release;
		};
/* End XCConfigurationList section */
	};
	rootObject = A931AFCA29565FD600713504 /* Project object */;
}
